# This file is generated by running "yarn install" inside your project.
# Manual changes might be lost - proceed with caution!

__metadata:
  version: 6
  cacheKey: 8

"@rhino.fi/logger@workspace:.":
  version: 0.0.0-use.local
  resolution: "@rhino.fi/logger@workspace:."
  dependencies:
    bson: ^1.1.5
    debug: ^4.3.2
  languageName: unknown
  linkType: soft

"bson@npm:^1.1.5":
  version: 1.1.6
  resolution: "bson@npm:1.1.6"
  checksum: 75762c9b7e0b3156cb0f38c7eb9ffcade53f0b04ac87dece9cba38f6dc570d9af91251de6a8988b294063cfaa21894c60ac9e85c34176accb3674acb092d66a7
  languageName: node
  linkType: hard

"debug@npm:^4.3.2":
  version: 4.3.2
  resolution: "debug@npm:4.3.2"
  dependencies:
    ms: 2.1.2
  peerDependenciesMeta:
    supports-color:
      optional: true
  checksum: 820ea160e267e23c953c9ed87e7ad93494d8cda2f7349af5e7e3bb236d23707ee3022f477d5a7d2ee86ef2bf7d60aa9ab22d1f58080d7deb9dccd073585e1e43
  languageName: node
  linkType: hard

"ms@npm:2.1.2":
  version: 2.1.2
  resolution: "ms@npm:2.1.2"
  checksum: 673cdb2c3133eb050c745908d8ce632ed2c02d85640e2edb3ace856a2266a813b30c613569bf3354fdf4ea7d1a1494add3bfa95e2713baa27d0c2c71fc44f58f
  languageName: node
  linkType: hard
